// !$*UTF8*$!
{
	archiveVersion = 1;
	classes = {
	};
	objectVersion = 50;
	objects = {

/* Begin PBXBuildFile section */
		531D42F122B2A74B00C75FCB /* ChapterView.swift in Sources */ = {isa = PBXBuildFile; fileRef = 531D42F022B2A74B00C75FCB /* ChapterView.swift */; };
		533EC46522BBD87800DF238A /* VerseView.swift in Sources */ = {isa = PBXBuildFile; fileRef = 533EC46422BBD87800DF238A /* VerseView.swift */; };
		539F4CF322AEAA7300497A65 /* AppDelegate.swift in Sources */ = {isa = PBXBuildFile; fileRef = 539F4CF222AEAA7300497A65 /* AppDelegate.swift */; };
		539F4CF522AEAA7300497A65 /* SceneDelegate.swift in Sources */ = {isa = PBXBuildFile; fileRef = 539F4CF422AEAA7300497A65 /* SceneDelegate.swift */; };
		539F4CF722AEAA7300497A65 /* ContentView.swift in Sources */ = {isa = PBXBuildFile; fileRef = 539F4CF622AEAA7300497A65 /* ContentView.swift */; };
		539F4CF922AEAA7400497A65 /* Assets.xcassets in Resources */ = {isa = PBXBuildFile; fileRef = 539F4CF822AEAA7400497A65 /* Assets.xcassets */; };
		539F4CFC22AEAA7400497A65 /* Preview Assets.xcassets in Resources */ = {isa = PBXBuildFile; fileRef = 539F4CFB22AEAA7400497A65 /* Preview Assets.xcassets */; };
		539F4CFF22AEAA7400497A65 /* LaunchScreen.storyboard in Resources */ = {isa = PBXBuildFile; fileRef = 539F4CFD22AEAA7400497A65 /* LaunchScreen.storyboard */; };
		539F4D0722AEB3D700497A65 /* BibleJson.json in Resources */ = {isa = PBXBuildFile; fileRef = 539F4D0622AEB3D700497A65 /* BibleJson.json */; };
/* End PBXBuildFile section */

/* Begin PBXFileReference section */
		531D42F022B2A74B00C75FCB /* ChapterView.swift */ = {isa = PBXFileReference; lastKnownFileType = sourcecode.swift; path = ChapterView.swift; sourceTree = "<group>"; };
		533EC46422BBD87800DF238A /* VerseView.swift */ = {isa = PBXFileReference; lastKnownFileType = sourcecode.swift; path = VerseView.swift; sourceTree = "<group>"; };
		539F4CEF22AEAA7300497A65 /* Bible_Navigator_SwiftUI.app */ = {isa = PBXFileReference; explicitFileType = wrapper.application; includeInIndex = 0; path = Bible_Navigator_SwiftUI.app; sourceTree = BUILT_PRODUCTS_DIR; };
		539F4CF222AEAA7300497A65 /* AppDelegate.swift */ = {isa = PBXFileReference; lastKnownFileType = sourcecode.swift; path = AppDelegate.swift; sourceTree = "<group>"; };
		539F4CF422AEAA7300497A65 /* SceneDelegate.swift */ = {isa = PBXFileReference; lastKnownFileType = sourcecode.swift; path = SceneDelegate.swift; sourceTree = "<group>"; };
		539F4CF622AEAA7300497A65 /* ContentView.swift */ = {isa = PBXFileReference; lastKnownFileType = sourcecode.swift; path = ContentView.swift; sourceTree = "<group>"; };
		539F4CF822AEAA7400497A65 /* Assets.xcassets */ = {isa = PBXFileReference; lastKnownFileType = folder.assetcatalog; path = Assets.xcassets; sourceTree = "<group>"; };
		539F4CFB22AEAA7400497A65 /* Preview Assets.xcassets */ = {isa = PBXFileReference; lastKnownFileType = folder.assetcatalog; path = "Preview Assets.xcassets"; sourceTree = "<group>"; };
		539F4CFE22AEAA7400497A65 /* Base */ = {isa = PBXFileReference; lastKnownFileType = file.storyboard; name = Base; path = Base.lproj/LaunchScreen.storyboard; sourceTree = "<group>"; };
		539F4D0022AEAA7400497A65 /* Info.plist */ = {isa = PBXFileReference; lastKnownFileType = text.plist.xml; path = Info.plist; sourceTree = "<group>"; };
		539F4D0622AEB3D700497A65 /* BibleJson.json */ = {isa = PBXFileReference; fileEncoding = 4; lastKnownFileType = text.json; path = BibleJson.json; sourceTree = "<group>"; };
/* End PBXFileReference section */

/* Begin PBXFrameworksBuildPhase section */
		539F4CEC22AEAA7300497A65 /* Frameworks */ = {
			isa = PBXFrameworksBuildPhase;
			buildActionMask = 2147483647;
			files = (
			);
			runOnlyForDeploymentPostprocessing = 0;
		};
/* End PBXFrameworksBuildPhase section */

/* Begin PBXGroup section */
		539F4CE622AEAA7300497A65 = {
			isa = PBXGroup;
			children = (
				539F4CF122AEAA7300497A65 /* Bible_Navigator_SwiftUI */,
				539F4CF022AEAA7300497A65 /* Products */,
			);
			sourceTree = "<group>";
		};
		539F4CF022AEAA7300497A65 /* Products */ = {
			isa = PBXGroup;
			children = (
				539F4CEF22AEAA7300497A65 /* Bible_Navigator_SwiftUI.app */,
			);
			name = Products;
			sourceTree = "<group>";
		};
		539F4CF122AEAA7300497A65 /* Bible_Navigator_SwiftUI */ = {
			isa = PBXGroup;
			children = (
				539F4CF222AEAA7300497A65 /* AppDelegate.swift */,
				539F4CF422AEAA7300497A65 /* SceneDelegate.swift */,
				539F4CF622AEAA7300497A65 /* ContentView.swift */,
				531D42F022B2A74B00C75FCB /* ChapterView.swift */,
				533EC46422BBD87800DF238A /* VerseView.swift */,
				539F4D0622AEB3D700497A65 /* BibleJson.json */,
				539F4CF822AEAA7400497A65 /* Assets.xcassets */,
				539F4CFD22AEAA7400497A65 /* LaunchScreen.storyboard */,
				539F4D0022AEAA7400497A65 /* Info.plist */,
				539F4CFA22AEAA7400497A65 /* Preview Content */,
			);
			path = Bible_Navigator_SwiftUI;
			sourceTree = "<group>";
		};
		539F4CFA22AEAA7400497A65 /* Preview Content */ = {
			isa = PBXGroup;
			children = (
				539F4CFB22AEAA7400497A65 /* Preview Assets.xcassets */,
			);
			path = "Preview Content";
			sourceTree = "<group>";
		};
/* End PBXGroup section */

/* Begin PBXNativeTarget section */
		539F4CEE22AEAA7300497A65 /* Bible_Navigator_SwiftUI */ = {
			isa = PBXNativeTarget;
			buildConfigurationList = 539F4D0322AEAA7400497A65 /* Build configuration list for PBXNativeTarget "Bible_Navigator_SwiftUI" */;
			buildPhases = (
				539F4CEB22AEAA7300497A65 /* Sources */,
				539F4CEC22AEAA7300497A65 /* Frameworks */,
				539F4CED22AEAA7300497A65 /* Resources */,
			);
			buildRules = (
			);
			dependencies = (
			);
			name = Bible_Navigator_SwiftUI;
			productName = Bible_Navigator_SwiftUI;
			productReference = 539F4CEF22AEAA7300497A65 /* Bible_Navigator_SwiftUI.app */;
			productType = "com.apple.product-type.application";
		};
/* End PBXNativeTarget section */

/* Begin PBXProject section */
		539F4CE722AEAA7300497A65 /* Project object */ = {
			isa = PBXProject;
			attributes = {
				LastSwiftUpdateCheck = 1100;
				LastUpgradeCheck = 1100;
				ORGANIZATIONNAME = "Bat-Erdene, Ene";
				TargetAttributes = {
					539F4CEE22AEAA7300497A65 = {
						CreatedOnToolsVersion = 11.0;
					};
				};
			};
			buildConfigurationList = 539F4CEA22AEAA7300497A65 /* Build configuration list for PBXProject "Bible_Navigator_SwiftUI" */;
			compatibilityVersion = "Xcode 9.3";
			developmentRegion = en;
			hasScannedForEncodings = 0;
			knownRegions = (
				en,
				Base,
			);
			mainGroup = 539F4CE622AEAA7300497A65;
			productRefGroup = 539F4CF022AEAA7300497A65 /* Products */;
			projectDirPath = "";
			projectRoot = "";
			targets = (
				539F4CEE22AEAA7300497A65 /* Bible_Navigator_SwiftUI */,
			);
		};
/* End PBXProject section */

/* Begin PBXResourcesBuildPhase section */
		539F4CED22AEAA7300497A65 /* Resources */ = {
			isa = PBXResourcesBuildPhase;
			buildActionMask = 2147483647;
			files = (
				539F4CFF22AEAA7400497A65 /* LaunchScreen.storyboard in Resources */,
				539F4CFC22AEAA7400497A65 /* Preview Assets.xcassets in Resources */,
				539F4D0722AEB3D700497A65 /* BibleJson.json in Resources */,
				539F4CF922AEAA7400497A65 /* Assets.xcassets in Resources */,
			);
			runOnlyForDeploymentPostprocessing = 0;
		};
/* End PBXResourcesBuildPhase section */

/* Begin PBXSourcesBuildPhase section */
		539F4CEB22AEAA7300497A65 /* Sources */ = {
			isa = PBXSourcesBuildPhase;
			buildActionMask = 2147483647;
			files = (
				539F4CF322AEAA7300497A65 /* AppDelegate.swift in Sources */,
				539F4CF522AEAA7300497A65 /* SceneDelegate.swift in Sources */,
				531D42F122B2A74B00C75FCB /* ChapterView.swift in Sources */,
				539F4CF722AEAA7300497A65 /* ContentView.swift in Sources */,
				533EC46522BBD87800DF238A /* VerseView.swift in Sources */,
			);
			runOnlyForDeploymentPostprocessing = 0;
		};
/* End PBXSourcesBuildPhase section */

/* Begin PBXVariantGroup section */
		539F4CFD22AEAA7400497A65 /* LaunchScreen.storyboard */ = {
			isa = PBXVariantGroup;
			children = (
				539F4CFE22AEAA7400497A65 /* Base */,
			);
			name = LaunchScreen.storyboard;
			sourceTree = "<group>";
		};
/* End PBXVariantGroup section */

/* Begin XCBuildConfiguration section */
		539F4D0122AEAA7400497A65 /* Debug */ = {
			isa = XCBuildConfiguration;
			buildSettings = {
				ALWAYS_SEARCH_USER_PATHS = NO;
				CLANG_ANALYZER_NONNULL = YES;
				CLANG_ANALYZER_NUMBER_OBJECT_CONVERSION = YES_AGGRESSIVE;
				CLANG_CXX_LANGUAGE_STANDARD = "gnu++14";
				CLANG_CXX_LIBRARY = "libc++";
				CLANG_ENABLE_MODULES = YES;
				CLANG_ENABLE_OBJC_ARC = YES;
				CLANG_ENABLE_OBJC_WEAK = YES;
				CLANG_WARN_BLOCK_CAPTURE_AUTORELEASING = YES;
				CLANG_WARN_BOOL_CONVERSION = YES;
				CLANG_WARN_COMMA = YES;
				CLANG_WARN_CONSTANT_CONVERSION = YES;
				CLANG_WARN_DEPRECATED_OBJC_IMPLEMENTATIONS = YES;
				CLANG_WARN_DIRECT_OBJC_ISA_USAGE = YES_ERROR;
				CLANG_WARN_DOCUMENTATION_COMMENTS = YES;
				CLANG_WARN_EMPTY_BODY = YES;
				CLANG_WARN_ENUM_CONVERSION = YES;
				CLANG_WARN_INFINITE_RECURSION = YES;
				CLANG_WARN_INT_CONVERSION = YES;
				CLANG_WARN_NON_LITERAL_NULL_CONVERSION = YES;
				CLANG_WARN_OBJC_IMPLICIT_RETAIN_SELF = YES;
				CLANG_WARN_OBJC_LITERAL_CONVERSION = YES;
				CLANG_WARN_OBJC_ROOT_CLASS = YES_ERROR;
				CLANG_WARN_RANGE_LOOP_ANALYSIS = YES;
				CLANG_WARN_STRICT_PROTOTYPES = YES;
				CLANG_WARN_SUSPICIOUS_MOVE = YES;
				CLANG_WARN_UNGUARDED_AVAILABILITY = YES_AGGRESSIVE;
				CLANG_WARN_UNREACHABLE_CODE = YES;
				CLANG_WARN__DUPLICATE_METHOD_MATCH = YES;
				COPY_PHASE_STRIP = NO;
				DEBUG_INFORMATION_FORMAT = dwarf;
				ENABLE_STRICT_OBJC_MSGSEND = YES;
				ENABLE_TESTABILITY = YES;
				GCC_C_LANGUAGE_STANDARD = gnu11;
				GCC_DYNAMIC_NO_PIC = NO;
				GCC_NO_COMMON_BLOCKS = YES;
				GCC_OPTIMIZATION_LEVEL = 0;
				GCC_PREPROCESSOR_DEFINITIONS = (
					"DEBUG=1",
					"$(inherited)",
				);
				GCC_WARN_64_TO_32_BIT_CONVERSION = YES;
				GCC_WARN_ABOUT_RETURN_TYPE = YES_ERROR;
				GCC_WARN_UNDECLARED_SELECTOR = YES;
				GCC_WARN_UNINITIALIZED_AUTOS = YES_AGGRESSIVE;
				GCC_WARN_UNUSED_FUNCTION = YES;
				GCC_WARN_UNUSED_VARIABLE = YES;
				IPHONEOS_DEPLOYMENT_TARGET = 13.0;
				MTL_ENABLE_DEBUG_INFO = INCLUDE_SOURCE;
				MTL_FAST_MATH = YES;
				ONLY_ACTIVE_ARCH = YES;
				SDKROOT = iphoneos;
				SWIFT_ACTIVE_COMPILATION_CONDITIONS = DEBUG;
				SWIFT_OPTIMIZATION_LEVEL = "-Onone";
			};
			name = Debug;
		};
		539F4D0222AEAA7400497A65 /* Release */ = {
			isa = XCBuildConfiguration;
			buildSettings = {
				ALWAYS_SEARCH_USER_PATHS = NO;
				CLANG_ANALYZER_NONNULL = YES;
				CLANG_ANALYZER_NUMBER_OBJECT_CONVERSION = YES_AGGRESSIVE;
				CLANG_CXX_LANGUAGE_STANDARD = "gnu++14";
				CLANG_CXX_LIBRARY = "libc++";
				CLANG_ENABLE_MODULES = YES;
				CLANG_ENABLE_OBJC_ARC = YES;
				CLANG_ENABLE_OBJC_WEAK = YES;
				CLANG_WARN_BLOCK_CAPTURE_AUTORELEASING = YES;
				CLANG_WARN_BOOL_CONVERSION = YES;
				CLANG_WARN_COMMA = YES;
				CLANG_WARN_CONSTANT_CONVERSION = YES;
				CLANG_WARN_DEPRECATED_OBJC_IMPLEMENTATIONS = YES;
				CLANG_WARN_DIRECT_OBJC_ISA_USAGE = YES_ERROR;
				CLANG_WARN_DOCUMENTATION_COMMENTS = YES;
				CLANG_WARN_EMPTY_BODY = YES;
				CLANG_WARN_ENUM_CONVERSION = YES;
				CLANG_WARN_INFINITE_RECURSION = YES;
				CLANG_WARN_INT_CONVERSION = YES;
				CLANG_WARN_NON_LITERAL_NULL_CONVERSION = YES;
				CLANG_WARN_OBJC_IMPLICIT_RETAIN_SELF = YES;
				CLANG_WARN_OBJC_LITERAL_CONVERSION = YES;
				CLANG_WARN_OBJC_ROOT_CLASS = YES_ERROR;
				CLANG_WARN_RANGE_LOOP_ANALYSIS = YES;
				CLANG_WARN_STRICT_PROTOTYPES = YES;
				CLANG_WARN_SUSPICIOUS_MOVE = YES;
				CLANG_WARN_UNGUARDED_AVAILABILITY = YES_AGGRESSIVE;
				CLANG_WARN_UNREACHABLE_CODE = YES;
				CLANG_WARN__DUPLICATE_METHOD_MATCH = YES;
				COPY_PHASE_STRIP = NO;
				DEBUG_INFORMATION_FORMAT = "dwarf-with-dsym";
				ENABLE_NS_ASSERTIONS = NO;
				ENABLE_STRICT_OBJC_MSGSEND = YES;
				GCC_C_LANGUAGE_STANDARD = gnu11;
				GCC_NO_COMMON_BLOCKS = YES;
				GCC_WARN_64_TO_32_BIT_CONVERSION = YES;
				GCC_WARN_ABOUT_RETURN_TYPE = YES_ERROR;
				GCC_WARN_UNDECLARED_SELECTOR = YES;
				GCC_WARN_UNINITIALIZED_AUTOS = YES_AGGRESSIVE;
				GCC_WARN_UNUSED_FUNCTION = YES;
				GCC_WARN_UNUSED_VARIABLE = YES;
				IPHONEOS_DEPLOYMENT_TARGET = 13.0;
				MTL_ENABLE_DEBUG_INFO = NO;
				MTL_FAST_MATH = YES;
				SDKROOT = iphoneos;
				SWIFT_COMPILATION_MODE = wholemodule;
				SWIFT_OPTIMIZATION_LEVEL = "-O";
				VALIDATE_PRODUCT = YES;
			};
			name = Release;
		};
		539F4D0422AEAA7400497A65 /* Debug */ = {
			isa = XCBuildConfiguration;
			buildSettings = {
				ASSETCATALOG_COMPILER_APPICON_NAME = AppIcon;
				CODE_SIGN_STYLE = Automatic;
				DEVELOPMENT_ASSET_PATHS = "Bible_Navigator_SwiftUI/Preview\\ Content";
				DEVELOPMENT_TEAM = Z8VMB73627;
				ENABLE_PREVIEWS = YES;
				INFOPLIST_FILE = Bible_Navigator_SwiftUI/Info.plist;
				LD_RUNPATH_SEARCH_PATHS = (
					"$(inherited)",
					"@executable_path/Frameworks",
				);
				PRODUCT_BUNDLE_IDENTIFIER = "com.OliveTree.BibleNavigator.Bible-Navigator-SwiftUI";
				PRODUCT_NAME = "$(TARGET_NAME)";
				SWIFT_VERSION = 5.0;
				TARGETED_DEVICE_FAMILY = "1,2";
			};
			name = Debug;
		};
		539F4D0522AEAA7400497A65 /* Release */ = {
			isa = XCBuildConfiguration;
			buildSettings = {
				ASSETCATALOG_COMPILER_APPICON_NAME = AppIcon;
				CODE_SIGN_STYLE = Automatic;
				DEVELOPMENT_ASSET_PATHS = "Bible_Navigator_SwiftUI/Preview\\ Content";
				DEVELOPMENT_TEAM = Z8VMB73627;
				ENABLE_PREVIEWS = YES;
				INFOPLIST_FILE = Bible_Navigator_SwiftUI/Info.plist;
				LD_RUNPATH_SEARCH_PATHS = (
					"$(inherited)",
					"@executable_path/Frameworks",
				);
				PRODUCT_BUNDLE_IDENTIFIER = "com.OliveTree.BibleNavigator.Bible-Navigator-SwiftUI";
				PRODUCT_NAME = "$(TARGET_NAME)";
				SWIFT_VERSION = 5.0;
				TARGETED_DEVICE_FAMILY = "1,2";
			};
			name = Release;
		};
/* End XCBuildConfiguration section */

/* Begin XCConfigurationList section */
		539F4CEA22AEAA7300497A65 /* Build configuration list for PBXProject "Bible_Navigator_SwiftUI" */ = {
			isa = XCConfigurationList;
			buildConfigurations = (
				539F4D0122AEAA7400497A65 /* Debug */,
				539F4D0222AEAA7400497A65 /* Release */,
			);
			defaultConfigurationIsVisible = 0;
			defaultConfigurationName = Release;
		};
		539F4D0322AEAA7400497A65 /* Build configuration list for PBXNativeTarget "Bible_Navigator_SwiftUI" */ = {
			isa = XCConfigurationList;
			buildConfigurations = (
				539F4D0422AEAA7400497A65 /* Debug */,
				539F4D0522AEAA7400497A65 /* Release */,
			);
			defaultConfigurationIsVisible = 0;
			defaultConfigurationName = Release;
		};
/* End XCConfigurationList section */
	};
	rootObject = 539F4CE722AEAA7300497A65 /* Project object */;
}
